
Microsoft Visual Studio Solution File, Format Version 12.00
# Visual Studio Version 16
VisualStudioVersion = 16.0.31112.23
MinimumVisualStudioVersion = 10.0.40219.1
Project("{9A19103F-16F7-4668-BE54-9A1E7A4F7556}") = "QueryFilterServiceApp", "QueryFilterServiceApp\QueryFilterServiceApp.csproj", "{E0B14C9E-2898-4336-A43A-49B31E617C2F}"
EndProject
Global
	GlobalSection(SolutionConfigurationPlatforms) = preSolution
		Debug|Any CPU = Debug|Any CPU
		Release|Any CPU = Release|Any CPU
	EndGlobalSection
	GlobalSection(ProjectConfigurationPlatforms) = postSolution
		{E0B14C9E-2898-4336-A43A-49B31E617C2F}.Debug|Any CPU.ActiveCfg = Debug|Any CPU
		{E0B14C9E-2898-4336-A43A-49B31E617C2F}.Debug|Any CPU.Build.0 = Debug|Any CPU
		{E0B14C9E-2898-4336-A43A-49B31E617C2F}.Release|Any CPU.ActiveCfg = Release|Any CPU
		{E0B14C9E-2898-4336-A43A-49B31E617C2F}.Release|Any CPU.Build.0 = Release|Any CPU
	EndGlobalSection
	GlobalSection(SolutionProperties) = preSolution
		HideSolutionNode = FALSE
	EndGlobalSection
	GlobalSection(ExtensibilityGlobals) = postSolution
		SolutionGuid = {83DC82E1-FFCA-4D0D-AABB-28071146C256}
	EndGlobalSection
EndGlobal
